
Microsoft Visual Studio Solution File, Format Version 12.00
# Visual Studio Version 16
VisualStudioVersion = 16.0.30717.126
MinimumVisualStudioVersion = 10.0.40219.1
Project("{8BC9CEB8-8B4A-11D0-8D11-00A0C91BC942}") = "SimpleMiniFilter", "SimpleMiniFilter\SimpleMiniFilter.vcxproj", "{DD744AC7-7DB3-4550-AF7D-B4AC82A9E32E}"
EndProject
Global
	GlobalSection(SolutionConfigurationPlatforms) = preSolution
		Debug|ARM = Debug|ARM
		Debug|ARM64 = Debug|ARM64
		Debug|x64 = Debug|x64
		Debug|x86 = Debug|x86
		Release|ARM = Release|ARM
		Release|ARM64 = Release|ARM64
		Release|x64 = Release|x64
		Release|x86 = Release|x86
	EndGlobalSection
	GlobalSection(ProjectConfigurationPlatforms) = postSolution
		{DD744AC7-7DB3-4550-AF7D-B4AC82A9E32E}.Debug|ARM.ActiveCfg = Debug|ARM
		{DD744AC7-7DB3-4550-AF7D-B4AC82A9E32E}.Debug|ARM.Build.0 = Debug|ARM
		{DD744AC7-7DB3-4550-AF7D-B4AC82A9E32E}.Debug|ARM.Deploy.0 = Debug|ARM
		{DD744AC7-7DB3-4550-AF7D-B4AC82A9E32E}.Debug|ARM64.ActiveCfg = Debug|ARM64
		{DD744AC7-7DB3-4550-AF7D-B4AC82A9E32E}.Debug|ARM64.Build.0 = Debug|ARM64
		{DD744AC7-7DB3-4550-AF7D-B4AC82A9E32E}.Debug|ARM64.Deploy.0 = Debug|ARM64
		{DD744AC7-7DB3-4550-AF7D-B4AC82A9E32E}.Debug|x64.ActiveCfg = Debug|x64
		{DD744AC7-7DB3-4550-AF7D-B4AC82A9E32E}.Debug|x64.Build.0 = Debug|x64
		{DD744AC7-7DB3-4550-AF7D-B4AC82A9E32E}.Debug|x64.Deploy.0 = Debug|x64
		{DD744AC7-7DB3-4550-AF7D-B4AC82A9E32E}.Debug|x86.ActiveCfg = Debug|Win32
		{DD744AC7-7DB3-4550-AF7D-B4AC82A9E32E}.Debug|x86.Build.0 = Debug|Win32
		{DD744AC7-7DB3-4550-AF7D-B4AC82A9E32E}.Debug|x86.Deploy.0 = Debug|Win32
		{DD744AC7-7DB3-4550-AF7D-B4AC82A9E32E}.Release|ARM.ActiveCfg = Release|ARM
		{DD744AC7-7DB3-4550-AF7D-B4AC82A9E32E}.Release|ARM.Build.0 = Release|ARM
		{DD744AC7-7DB3-4550-AF7D-B4AC82A9E32E}.Release|ARM.Deploy.0 = Release|ARM
		{DD744AC7-7DB3-4550-AF7D-B4AC82A9E32E}.Release|ARM64.ActiveCfg = Release|ARM64
		{DD744AC7-7DB3-4550-AF7D-B4AC82A9E32E}.Release|ARM64.Build.0 = Release|ARM64
		{DD744AC7-7DB3-4550-AF7D-B4AC82A9E32E}.Release|ARM64.Deploy.0 = Release|ARM64
		{DD744AC7-7DB3-4550-AF7D-B4AC82A9E32E}.Release|x64.ActiveCfg = Release|x64
		{DD744AC7-7DB3-4550-AF7D-B4AC82A9E32E}.Release|x64.Build.0 = Release|x64
		{DD744AC7-7DB3-4550-AF7D-B4AC82A9E32E}.Release|x64.Deploy.0 = Release|x64
		{DD744AC7-7DB3-4550-AF7D-B4AC82A9E32E}.Release|x86.ActiveCfg = Release|Win32
		{DD744AC7-7DB3-4550-AF7D-B4AC82A9E32E}.Release|x86.Build.0 = Release|Win32
		{DD744AC7-7DB3-4550-AF7D-B4AC82A9E32E}.Release|x86.Deploy.0 = Release|Win32
	EndGlobalSection
	GlobalSection(SolutionProperties) = preSolution
		HideSolutionNode = FALSE
	EndGlobalSection
	GlobalSection(ExtensibilityGlobals) = postSolution
		SolutionGuid = {BEA6FEBC-5D29-4C20-AF25-56377C6B73AD}
	EndGlobalSection
EndGlobal
